// !$*UTF8*$!
{
	archiveVersion = 1;
	classes = {
	};
	objectVersion = 46;
	objects = {

/* Begin PBXBuildFile section */
		9F4555FF1AABD5460016422F /* CustomMainCell.swift in Sources */ = {isa = PBXBuildFile; fileRef = 9F4555FE1AABD5460016422F /* CustomMainCell.swift */; };
		9F4556011AABE91F0016422F /* EstacionarmeController.swift in Sources */ = {isa = PBXBuildFile; fileRef = 9F4556001AABE91F0016422F /* EstacionarmeController.swift */; };
		9F4556071AABED7D0016422F /* ECell.swift in Sources */ = {isa = PBXBuildFile; fileRef = 9F4556061AABED7D0016422F /* ECell.swift */; };
		9F5651EC1AAAF5F80030886B /* AppDelegate.swift in Sources */ = {isa = PBXBuildFile; fileRef = 9F5651EB1AAAF5F80030886B /* AppDelegate.swift */; };
		9F5651EE1AAAF5F80030886B /* ViewController.swift in Sources */ = {isa = PBXBuildFile; fileRef = 9F5651ED1AAAF5F80030886B /* ViewController.swift */; };
		9F5651F11AAAF5F80030886B /* Main.storyboard in Resources */ = {isa = PBXBuildFile; fileRef = 9F5651EF1AAAF5F80030886B /* Main.storyboard */; };
		9F5651F31AAAF5F80030886B /* Images.xcassets in Resources */ = {isa = PBXBuildFile; fileRef = 9F5651F21AAAF5F80030886B /* Images.xcassets */; };
		9F5651F61AAAF5F80030886B /* LaunchScreen.xib in Resources */ = {isa = PBXBuildFile; fileRef = 9F5651F41AAAF5F80030886B /* LaunchScreen.xib */; };
		9F5652021AAAF5F80030886B /* EstacionateTests.swift in Sources */ = {isa = PBXBuildFile; fileRef = 9F5652011AAAF5F80030886B /* EstacionateTests.swift */; };
		9F7BD3AA1AAB119600DF71D9 /* LogIn.swift in Sources */ = {isa = PBXBuildFile; fileRef = 9F7BD3A91AAB119600DF71D9 /* LogIn.swift */; };
		9F7BD3AC1AAB185C00DF71D9 /* GoogleMaps.framework in Frameworks */ = {isa = PBXBuildFile; fileRef = 9F7BD3AB1AAB185C00DF71D9 /* GoogleMaps.framework */; };
		9F7BD3B41AAB192900DF71D9 /* AVFoundation.framework in Frameworks */ = {isa = PBXBuildFile; fileRef = 9F7BD3AD1AAB18C900DF71D9 /* AVFoundation.framework */; };
		9F7BD3B51AAB193100DF71D9 /* CoreData.framework in Frameworks */ = {isa = PBXBuildFile; fileRef = 9F7BD3AF1AAB18CD00DF71D9 /* CoreData.framework */; };
		9F7BD3B71AAB193800DF71D9 /* GLKit.framework in Frameworks */ = {isa = PBXBuildFile; fileRef = 9F7BD3B61AAB193800DF71D9 /* GLKit.framework */; };
		9F7BD3B91AAB193E00DF71D9 /* ImageIO.framework in Frameworks */ = {isa = PBXBuildFile; fileRef = 9F7BD3B81AAB193E00DF71D9 /* ImageIO.framework */; };
		9F7BD3BB1AAB194800DF71D9 /* libc++.dylib in Frameworks */ = {isa = PBXBuildFile; fileRef = 9F7BD3BA1AAB194800DF71D9 /* libc++.dylib */; };
		9F7BD3BD1AAB195200DF71D9 /* libicucore.dylib in Frameworks */ = {isa = PBXBuildFile; fileRef = 9F7BD3BC1AAB195200DF71D9 /* libicucore.dylib */; };
		9F7BD3BF1AAB195900DF71D9 /* OpenGLES.framework in Frameworks */ = {isa = PBXBuildFile; fileRef = 9F7BD3BE1AAB195900DF71D9 /* OpenGLES.framework */; };
		9F7BD3C11AAB195E00DF71D9 /* QuartzCore.framework in Frameworks */ = {isa = PBXBuildFile; fileRef = 9F7BD3C01AAB195E00DF71D9 /* QuartzCore.framework */; };
		9F7BD3C31AAB196500DF71D9 /* SystemConfiguration.framework in Frameworks */ = {isa = PBXBuildFile; fileRef = 9F7BD3C21AAB196500DF71D9 /* SystemConfiguration.framework */; };
		9F7BD3C51AAB196F00DF71D9 /* CoreLocation.framework in Frameworks */ = {isa = PBXBuildFile; fileRef = 9F7BD3C41AAB196F00DF71D9 /* CoreLocation.framework */; };
		9F7BD3C71AAB197500DF71D9 /* CoreText.framework in Frameworks */ = {isa = PBXBuildFile; fileRef = 9F7BD3C61AAB197500DF71D9 /* CoreText.framework */; };
		9F7BD3CA1AAB1ED100DF71D9 /* MapsController.swift in Sources */ = {isa = PBXBuildFile; fileRef = 9F7BD3C91AAB1ED100DF71D9 /* MapsController.swift */; };
		9F7BD3CC1AAB212100DF71D9 /* GoogleMaps.bundle in Resources */ = {isa = PBXBuildFile; fileRef = 9F7BD3CB1AAB212100DF71D9 /* GoogleMaps.bundle */; };
		9F7BD3CE1AAB214400DF71D9 /* libz.dylib in Frameworks */ = {isa = PBXBuildFile; fileRef = 9F7BD3CD1AAB214400DF71D9 /* libz.dylib */; };
		9F7BD3D01AAB5BD300DF71D9 /* Ranking.swift in Sources */ = {isa = PBXBuildFile; fileRef = 9F7BD3CF1AAB5BD300DF71D9 /* Ranking.swift */; };
		9F7BD3D21AAB5EB100DF71D9 /* RankingCell.swift in Sources */ = {isa = PBXBuildFile; fileRef = 9F7BD3D11AAB5EB100DF71D9 /* RankingCell.swift */; };
		9F99ACCF1AABB46B0039DBDA /* MyMenuTableViewController.swift in Sources */ = {isa = PBXBuildFile; fileRef = 9F99ACCE1AABB46B0039DBDA /* MyMenuTableViewController.swift */; };
		9F99ACD11AABB4830039DBDA /* MainCell.swift in Sources */ = {isa = PBXBuildFile; fileRef = 9F99ACD01AABB4830039DBDA /* MainCell.swift */; };
		9F99ACD31AABB48D0039DBDA /* ViewCustomCell.swift in Sources */ = {isa = PBXBuildFile; fileRef = 9F99ACD21AABB48D0039DBDA /* ViewCustomCell.swift */; };
		9F99ACD51AABB4A00039DBDA /* MyNavigationController.swift in Sources */ = {isa = PBXBuildFile; fileRef = 9F99ACD41AABB4A00039DBDA /* MyNavigationController.swift */; };
		9F99ACD81AABB53F0039DBDA /* ENSideMenuNavigationController.swift in Sources */ = {isa = PBXBuildFile; fileRef = 9F99ACD61AABB53F0039DBDA /* ENSideMenuNavigationController.swift */; };
		9F99ACD91AABB53F0039DBDA /* ENSideMenu.swift in Sources */ = {isa = PBXBuildFile; fileRef = 9F99ACD71AABB53F0039DBDA /* ENSideMenu.swift */; };
		9FC36B8E1AAB035900DD1575 /* FacebookSDK.framework in Frameworks */ = {isa = PBXBuildFile; fileRef = 9FC36B8D1AAB035900DD1575 /* FacebookSDK.framework */; };
		9FC36B931AAB099300DD1575 /* SignUp.swift in Sources */ = {isa = PBXBuildFile; fileRef = 9FC36B921AAB099300DD1575 /* SignUp.swift */; };
		9FDC410A1AABF197009AB445 /* estacionarmelike.png in Resources */ = {isa = PBXBuildFile; fileRef = 9FDC41091AABF197009AB445 /* estacionarmelike.png */; };
		9FDC410D1AABF228009AB445 /* estacionarmeimagen.png in Resources */ = {isa = PBXBuildFile; fileRef = 9FDC410C1AABF228009AB445 /* estacionarmeimagen.png */; };
/* End PBXBuildFile section */

/* Begin PBXContainerItemProxy section */
		9F5651FC1AAAF5F80030886B /* PBXContainerItemProxy */ = {
			isa = PBXContainerItemProxy;
			containerPortal = 9F5651DE1AAAF5F80030886B /* Project object */;
			proxyType = 1;
			remoteGlobalIDString = 9F5651E51AAAF5F80030886B;
			remoteInfo = Estacionate;
		};
/* End PBXContainerItemProxy section */

/* Begin PBXFileReference section */
		9F4555FE1AABD5460016422F /* CustomMainCell.swift */ = {isa = PBXFileReference; fileEncoding = 4; lastKnownFileType = sourcecode.swift; path = CustomMainCell.swift; sourceTree = "<group>"; };
		9F4556001AABE91F0016422F /* EstacionarmeController.swift */ = {isa = PBXFileReference; fileEncoding = 4; lastKnownFileType = sourcecode.swift; path = EstacionarmeController.swift; sourceTree = "<group>"; };
		9F4556061AABED7D0016422F /* ECell.swift */ = {isa = PBXFileReference; fileEncoding = 4; lastKnownFileType = sourcecode.swift; path = ECell.swift; sourceTree = "<group>"; };
		9F5651E61AAAF5F80030886B /* Estacionate.app */ = {isa = PBXFileReference; explicitFileType = wrapper.application; includeInIndex = 0; path = Estacionate.app; sourceTree = BUILT_PRODUCTS_DIR; };
		9F5651EA1AAAF5F80030886B /* Info.plist */ = {isa = PBXFileReference; lastKnownFileType = text.plist.xml; path = Info.plist; sourceTree = "<group>"; };
		9F5651EB1AAAF5F80030886B /* AppDelegate.swift */ = {isa = PBXFileReference; lastKnownFileType = sourcecode.swift; path = AppDelegate.swift; sourceTree = "<group>"; };
		9F5651ED1AAAF5F80030886B /* ViewController.swift */ = {isa = PBXFileReference; lastKnownFileType = sourcecode.swift; path = ViewController.swift; sourceTree = "<group>"; };
		9F5651F01AAAF5F80030886B /* Base */ = {isa = PBXFileReference; lastKnownFileType = file.storyboard; name = Base; path = Base.lproj/Main.storyboard; sourceTree = "<group>"; };
		9F5651F21AAAF5F80030886B /* Images.xcassets */ = {isa = PBXFileReference; lastKnownFileType = folder.assetcatalog; path = Images.xcassets; sourceTree = "<group>"; };
		9F5651F51AAAF5F80030886B /* Base */ = {isa = PBXFileReference; lastKnownFileType = file.xib; name = Base; path = Base.lproj/LaunchScreen.xib; sourceTree = "<group>"; };
		9F5651FB1AAAF5F80030886B /* EstacionateTests.xctest */ = {isa = PBXFileReference; explicitFileType = wrapper.cfbundle; includeInIndex = 0; path = EstacionateTests.xctest; sourceTree = BUILT_PRODUCTS_DIR; };
		9F5652001AAAF5F80030886B /* Info.plist */ = {isa = PBXFileReference; lastKnownFileType = text.plist.xml; path = Info.plist; sourceTree = "<group>"; };
		9F5652011AAAF5F80030886B /* EstacionateTests.swift */ = {isa = PBXFileReference; lastKnownFileType = sourcecode.swift; path = EstacionateTests.swift; sourceTree = "<group>"; };
		9F7BD3A91AAB119600DF71D9 /* LogIn.swift */ = {isa = PBXFileReference; fileEncoding = 4; lastKnownFileType = sourcecode.swift; name = LogIn.swift; path = Images.xcassets/LogIn.swift; sourceTree = "<group>"; };
		9F7BD3AB1AAB185C00DF71D9 /* GoogleMaps.framework */ = {isa = PBXFileReference; lastKnownFileType = wrapper.framework; name = GoogleMaps.framework; path = "../../../Documents/GoogleMaps-iOS-1.9.2/GoogleMaps.framework"; sourceTree = "<group>"; };
		9F7BD3AD1AAB18C900DF71D9 /* AVFoundation.framework */ = {isa = PBXFileReference; lastKnownFileType = wrapper.framework; name = AVFoundation.framework; path = System/Library/Frameworks/AVFoundation.framework; sourceTree = SDKROOT; };
		9F7BD3AF1AAB18CD00DF71D9 /* CoreData.framework */ = {isa = PBXFileReference; lastKnownFileType = wrapper.framework; name = CoreData.framework; path = System/Library/Frameworks/CoreData.framework; sourceTree = SDKROOT; };
		9F7BD3B61AAB193800DF71D9 /* GLKit.framework */ = {isa = PBXFileReference; lastKnownFileType = wrapper.framework; name = GLKit.framework; path = System/Library/Frameworks/GLKit.framework; sourceTree = SDKROOT; };
		9F7BD3B81AAB193E00DF71D9 /* ImageIO.framework */ = {isa = PBXFileReference; lastKnownFileType = wrapper.framework; name = ImageIO.framework; path = System/Library/Frameworks/ImageIO.framework; sourceTree = SDKROOT; };
		9F7BD3BA1AAB194800DF71D9 /* libc++.dylib */ = {isa = PBXFileReference; lastKnownFileType = "compiled.mach-o.dylib"; name = "libc++.dylib"; path = "usr/lib/libc++.dylib"; sourceTree = SDKROOT; };
		9F7BD3BC1AAB195200DF71D9 /* libicucore.dylib */ = {isa = PBXFileReference; lastKnownFileType = "compiled.mach-o.dylib"; name = libicucore.dylib; path = usr/lib/libicucore.dylib; sourceTree = SDKROOT; };
		9F7BD3BE1AAB195900DF71D9 /* OpenGLES.framework */ = {isa = PBXFileReference; lastKnownFileType = wrapper.framework; name = OpenGLES.framework; path = System/Library/Frameworks/OpenGLES.framework; sourceTree = SDKROOT; };
		9F7BD3C01AAB195E00DF71D9 /* QuartzCore.framework */ = {isa = PBXFileReference; lastKnownFileType = wrapper.framework; name = QuartzCore.framework; path = System/Library/Frameworks/QuartzCore.framework; sourceTree = SDKROOT; };
		9F7BD3C21AAB196500DF71D9 /* SystemConfiguration.framework */ = {isa = PBXFileReference; lastKnownFileType = wrapper.framework; name = SystemConfiguration.framework; path = System/Library/Frameworks/SystemConfiguration.framework; sourceTree = SDKROOT; };
		9F7BD3C41AAB196F00DF71D9 /* CoreLocation.framework */ = {isa = PBXFileReference; lastKnownFileType = wrapper.framework; name = CoreLocation.framework; path = System/Library/Frameworks/CoreLocation.framework; sourceTree = SDKROOT; };
		9F7BD3C61AAB197500DF71D9 /* CoreText.framework */ = {isa = PBXFileReference; lastKnownFileType = wrapper.framework; name = CoreText.framework; path = System/Library/Frameworks/CoreText.framework; sourceTree = SDKROOT; };
		9F7BD3C91AAB1ED100DF71D9 /* MapsController.swift */ = {isa = PBXFileReference; fileEncoding = 4; lastKnownFileType = sourcecode.swift; path = MapsController.swift; sourceTree = "<group>"; };
		9F7BD3CB1AAB212100DF71D9 /* GoogleMaps.bundle */ = {isa = PBXFileReference; lastKnownFileType = "wrapper.plug-in"; path = GoogleMaps.bundle; sourceTree = "<group>"; };
		9F7BD3CD1AAB214400DF71D9 /* libz.dylib */ = {isa = PBXFileReference; lastKnownFileType = "compiled.mach-o.dylib"; name = libz.dylib; path = usr/lib/libz.dylib; sourceTree = SDKROOT; };
		9F7BD3CF1AAB5BD300DF71D9 /* Ranking.swift */ = {isa = PBXFileReference; fileEncoding = 4; lastKnownFileType = sourcecode.swift; path = Ranking.swift; sourceTree = "<group>"; };
		9F7BD3D11AAB5EB100DF71D9 /* RankingCell.swift */ = {isa = PBXFileReference; fileEncoding = 4; lastKnownFileType = sourcecode.swift; path = RankingCell.swift; sourceTree = "<group>"; };
		9F99ACCE1AABB46B0039DBDA /* MyMenuTableViewController.swift */ = {isa = PBXFileReference; fileEncoding = 4; lastKnownFileType = sourcecode.swift; path = MyMenuTableViewController.swift; sourceTree = "<group>"; };
		9F99ACD01AABB4830039DBDA /* MainCell.swift */ = {isa = PBXFileReference; fileEncoding = 4; lastKnownFileType = sourcecode.swift; path = MainCell.swift; sourceTree = "<group>"; };
		9F99ACD21AABB48D0039DBDA /* ViewCustomCell.swift */ = {isa = PBXFileReference; fileEncoding = 4; lastKnownFileType = sourcecode.swift; path = ViewCustomCell.swift; sourceTree = "<group>"; };
		9F99ACD41AABB4A00039DBDA /* MyNavigationController.swift */ = {isa = PBXFileReference; fileEncoding = 4; lastKnownFileType = sourcecode.swift; path = MyNavigationController.swift; sourceTree = "<group>"; };
		9F99ACD61AABB53F0039DBDA /* ENSideMenuNavigationController.swift */ = {isa = PBXFileReference; fileEncoding = 4; lastKnownFileType = sourcecode.swift; path = ENSideMenuNavigationController.swift; sourceTree = "<group>"; };
		9F99ACD71AABB53F0039DBDA /* ENSideMenu.swift */ = {isa = PBXFileReference; fileEncoding = 4; lastKnownFileType = sourcecode.swift; path = ENSideMenu.swift; sourceTree = "<group>"; };
		9FC36B8D1AAB035900DD1575 /* FacebookSDK.framework */ = {isa = PBXFileReference; lastKnownFileType = wrapper.framework; name = FacebookSDK.framework; path = ../../../Documents/FacebookSDK/FacebookSDK.framework; sourceTree = "<group>"; };
		9FC36B8F1AAB043300DD1575 /* Bridge.h */ = {isa = PBXFileReference; lastKnownFileType = sourcecode.c.h; path = Bridge.h; sourceTree = "<group>"; };
		9FC36B921AAB099300DD1575 /* SignUp.swift */ = {isa = PBXFileReference; fileEncoding = 4; lastKnownFileType = sourcecode.swift; path = SignUp.swift; sourceTree = "<group>"; };
		9FDC41091AABF197009AB445 /* estacionarmelike.png */ = {isa = PBXFileReference; lastKnownFileType = image.png; path = estacionarmelike.png; sourceTree = "<group>"; };
		9FDC410C1AABF228009AB445 /* estacionarmeimagen.png */ = {isa = PBXFileReference; lastKnownFileType = image.png; path = estacionarmeimagen.png; sourceTree = "<group>"; };
/* End PBXFileReference section */

/* Begin PBXFrameworksBuildPhase section */
		9F5651E31AAAF5F80030886B /* Frameworks */ = {
			isa = PBXFrameworksBuildPhase;
			buildActionMask = 2147483647;
			files = (
				9F7BD3CE1AAB214400DF71D9 /* libz.dylib in Frameworks */,
				9F7BD3C71AAB197500DF71D9 /* CoreText.framework in Frameworks */,
				9F7BD3C51AAB196F00DF71D9 /* CoreLocation.framework in Frameworks */,
				9F7BD3C31AAB196500DF71D9 /* SystemConfiguration.framework in Frameworks */,
				9F7BD3C11AAB195E00DF71D9 /* QuartzCore.framework in Frameworks */,
				9F7BD3BF1AAB195900DF71D9 /* OpenGLES.framework in Frameworks */,
				9F7BD3BD1AAB195200DF71D9 /* libicucore.dylib in Frameworks */,
				9F7BD3BB1AAB194800DF71D9 /* libc++.dylib in Frameworks */,
				9F7BD3B91AAB193E00DF71D9 /* ImageIO.framework in Frameworks */,
				9F7BD3B71AAB193800DF71D9 /* GLKit.framework in Frameworks */,
				9F7BD3B51AAB193100DF71D9 /* CoreData.framework in Frameworks */,
				9F7BD3B41AAB192900DF71D9 /* AVFoundation.framework in Frameworks */,
				9F7BD3AC1AAB185C00DF71D9 /* GoogleMaps.framework in Frameworks */,
				9FC36B8E1AAB035900DD1575 /* FacebookSDK.framework in Frameworks */,
			);
			runOnlyForDeploymentPostprocessing = 0;
		};
		9F5651F81AAAF5F80030886B /* Frameworks */ = {
			isa = PBXFrameworksBuildPhase;
			buildActionMask = 2147483647;
			files = (
			);
			runOnlyForDeploymentPostprocessing = 0;
		};
/* End PBXFrameworksBuildPhase section */

/* Begin PBXGroup section */
		9F5651DD1AAAF5F80030886B = {
			isa = PBXGroup;
			children = (
				9F7BD3CD1AAB214400DF71D9 /* libz.dylib */,
				9F7BD3C81AAB199300DF71D9 /* Framework */,
				9F5651E81AAAF5F80030886B /* Estacionate */,
				9F5651FE1AAAF5F80030886B /* EstacionateTests */,
				9F5651E71AAAF5F80030886B /* Products */,
			);
			sourceTree = "<group>";
		};
		9F5651E71AAAF5F80030886B /* Products */ = {
			isa = PBXGroup;
			children = (
				9F5651E61AAAF5F80030886B /* Estacionate.app */,
				9F5651FB1AAAF5F80030886B /* EstacionateTests.xctest */,
			);
			name = Products;
			sourceTree = "<group>";
		};
		9F5651E81AAAF5F80030886B /* Estacionate */ = {
			isa = PBXGroup;
			children = (
				9F99ACCD1AABB45E0039DBDA /* Menu */,
				9F5651EB1AAAF5F80030886B /* AppDelegate.swift */,
				9F5651ED1AAAF5F80030886B /* ViewController.swift */,
				9FC36B921AAB099300DD1575 /* SignUp.swift */,
				9F7BD3A91AAB119600DF71D9 /* LogIn.swift */,
				9F7BD3C91AAB1ED100DF71D9 /* MapsController.swift */,
				9F7BD3CF1AAB5BD300DF71D9 /* Ranking.swift */,
				9F7BD3D11AAB5EB100DF71D9 /* RankingCell.swift */,
				9FDC410B1AABF19C009AB445 /* Img */,
				9F4556001AABE91F0016422F /* EstacionarmeController.swift */,
				9F4556061AABED7D0016422F /* ECell.swift */,
				9F5651EF1AAAF5F80030886B /* Main.storyboard */,
				9F5651F21AAAF5F80030886B /* Images.xcassets */,
				9F5651F41AAAF5F80030886B /* LaunchScreen.xib */,
				9F5651E91AAAF5F80030886B /* Supporting Files */,
				9FC36B8F1AAB043300DD1575 /* Bridge.h */,
			);
			path = Estacionate;
			sourceTree = "<group>";
		};
		9F5651E91AAAF5F80030886B /* Supporting Files */ = {
			isa = PBXGroup;
			children = (
				9F5651EA1AAAF5F80030886B /* Info.plist */,
			);
			name = "Supporting Files";
			sourceTree = "<group>";
		};
		9F5651FE1AAAF5F80030886B /* EstacionateTests */ = {
			isa = PBXGroup;
			children = (
				9F5652011AAAF5F80030886B /* EstacionateTests.swift */,
				9F5651FF1AAAF5F80030886B /* Supporting Files */,
			);
			path = EstacionateTests;
			sourceTree = "<group>";
		};
		9F5651FF1AAAF5F80030886B /* Supporting Files */ = {
			isa = PBXGroup;
			children = (
				9F5652001AAAF5F80030886B /* Info.plist */,
			);
			name = "Supporting Files";
			sourceTree = "<group>";
		};
		9F7BD3C81AAB199300DF71D9 /* Framework */ = {
			isa = PBXGroup;
			children = (
				9F7BD3CB1AAB212100DF71D9 /* GoogleMaps.bundle */,
				9F7BD3C61AAB197500DF71D9 /* CoreText.framework */,
				9F7BD3C41AAB196F00DF71D9 /* CoreLocation.framework */,
				9F7BD3C21AAB196500DF71D9 /* SystemConfiguration.framework */,
				9F7BD3C01AAB195E00DF71D9 /* QuartzCore.framework */,
				9F7BD3BE1AAB195900DF71D9 /* OpenGLES.framework */,
				9F7BD3BC1AAB195200DF71D9 /* libicucore.dylib */,
				9F7BD3BA1AAB194800DF71D9 /* libc++.dylib */,
				9F7BD3B81AAB193E00DF71D9 /* ImageIO.framework */,
				9F7BD3B61AAB193800DF71D9 /* GLKit.framework */,
				9F7BD3AF1AAB18CD00DF71D9 /* CoreData.framework */,
				9F7BD3AD1AAB18C900DF71D9 /* AVFoundation.framework */,
				9F7BD3AB1AAB185C00DF71D9 /* GoogleMaps.framework */,
				9FC36B8D1AAB035900DD1575 /* FacebookSDK.framework */,
			);
			name = Framework;
			sourceTree = "<group>";
		};
		9F99ACCD1AABB45E0039DBDA /* Menu */ = {
			isa = PBXGroup;
			children = (
				9F99ACD41AABB4A00039DBDA /* MyNavigationController.swift */,
				9F99ACD61AABB53F0039DBDA /* ENSideMenuNavigationController.swift */,
				9F99ACD71AABB53F0039DBDA /* ENSideMenu.swift */,
				9F4555FE1AABD5460016422F /* CustomMainCell.swift */,
				9F99ACD01AABB4830039DBDA /* MainCell.swift */,
				9F99ACD21AABB48D0039DBDA /* ViewCustomCell.swift */,
				9F99ACCE1AABB46B0039DBDA /* MyMenuTableViewController.swift */,
			);
			name = Menu;
			sourceTree = "<group>";
		};
		9FDC410B1AABF19C009AB445 /* Img */ = {
			isa = PBXGroup;
			children = (
				9FDC410C1AABF228009AB445 /* estacionarmeimagen.png */,
				9FDC41091AABF197009AB445 /* estacionarmelike.png */,
			);
			name = Img;
			sourceTree = "<group>";
		};
/* End PBXGroup section */

/* Begin PBXNativeTarget section */
		9F5651E51AAAF5F80030886B /* Estacionate */ = {
			isa = PBXNativeTarget;
			buildConfigurationList = 9F5652051AAAF5F80030886B /* Build configuration list for PBXNativeTarget "Estacionate" */;
			buildPhases = (
				9F5651E21AAAF5F80030886B /* Sources */,
				9F5651E31AAAF5F80030886B /* Frameworks */,
				9F5651E41AAAF5F80030886B /* Resources */,
			);
			buildRules = (
			);
			dependencies = (
			);
			name = Estacionate;
			productName = Estacionate;
			productReference = 9F5651E61AAAF5F80030886B /* Estacionate.app */;
			productType = "com.apple.product-type.application";
		};
		9F5651FA1AAAF5F80030886B /* EstacionateTests */ = {
			isa = PBXNativeTarget;
			buildConfigurationList = 9F5652081AAAF5F80030886B /* Build configuration list for PBXNativeTarget "EstacionateTests" */;
			buildPhases = (
				9F5651F71AAAF5F80030886B /* Sources */,
				9F5651F81AAAF5F80030886B /* Frameworks */,
				9F5651F91AAAF5F80030886B /* Resources */,
			);
			buildRules = (
			);
			dependencies = (
				9F5651FD1AAAF5F80030886B /* PBXTargetDependency */,
			);
			name = EstacionateTests;
			productName = EstacionateTests;
			productReference = 9F5651FB1AAAF5F80030886B /* EstacionateTests.xctest */;
			productType = "com.apple.product-type.bundle.unit-test";
		};
/* End PBXNativeTarget section */

/* Begin PBXProject section */
		9F5651DE1AAAF5F80030886B /* Project object */ = {
			isa = PBXProject;
			attributes = {
				LastUpgradeCheck = 0610;
				ORGANIZATIONNAME = Clipp;
				TargetAttributes = {
					9F5651E51AAAF5F80030886B = {
						CreatedOnToolsVersion = 6.1.1;
					};
					9F5651FA1AAAF5F80030886B = {
						CreatedOnToolsVersion = 6.1.1;
						TestTargetID = 9F5651E51AAAF5F80030886B;
					};
				};
			};
			buildConfigurationList = 9F5651E11AAAF5F80030886B /* Build configuration list for PBXProject "Estacionate" */;
			compatibilityVersion = "Xcode 3.2";
			developmentRegion = English;
			hasScannedForEncodings = 0;
			knownRegions = (
				en,
				Base,
			);
			mainGroup = 9F5651DD1AAAF5F80030886B;
			productRefGroup = 9F5651E71AAAF5F80030886B /* Products */;
			projectDirPath = "";
			projectRoot = "";
			targets = (
				9F5651E51AAAF5F80030886B /* Estacionate */,
				9F5651FA1AAAF5F80030886B /* EstacionateTests */,
			);
		};
/* End PBXProject section */

/* Begin PBXResourcesBuildPhase section */
		9F5651E41AAAF5F80030886B /* Resources */ = {
			isa = PBXResourcesBuildPhase;
			buildActionMask = 2147483647;
			files = (
				9F5651F11AAAF5F80030886B /* Main.storyboard in Resources */,
				9FDC410A1AABF197009AB445 /* estacionarmelike.png in Resources */,
				9F5651F61AAAF5F80030886B /* LaunchScreen.xib in Resources */,
				9F5651F31AAAF5F80030886B /* Images.xcassets in Resources */,
				9F7BD3CC1AAB212100DF71D9 /* GoogleMaps.bundle in Resources */,
				9FDC410D1AABF228009AB445 /* estacionarmeimagen.png in Resources */,
			);
			runOnlyForDeploymentPostprocessing = 0;
		};
		9F5651F91AAAF5F80030886B /* Resources */ = {
			isa = PBXResourcesBuildPhase;
			buildActionMask = 2147483647;
			files = (
			);
			runOnlyForDeploymentPostprocessing = 0;
		};
/* End PBXResourcesBuildPhase section */

/* Begin PBXSourcesBuildPhase section */
		9F5651E21AAAF5F80030886B /* Sources */ = {
			isa = PBXSourcesBuildPhase;
			buildActionMask = 2147483647;
			files = (
				9F99ACD81AABB53F0039DBDA /* ENSideMenuNavigationController.swift in Sources */,
				9F99ACD51AABB4A00039DBDA /* MyNavigationController.swift in Sources */,
				9F5651EE1AAAF5F80030886B /* ViewController.swift in Sources */,
				9F99ACD91AABB53F0039DBDA /* ENSideMenu.swift in Sources */,
				9FC36B931AAB099300DD1575 /* SignUp.swift in Sources */,
				9F5651EC1AAAF5F80030886B /* AppDelegate.swift in Sources */,
				9F99ACD31AABB48D0039DBDA /* ViewCustomCell.swift in Sources */,
				9F4555FF1AABD5460016422F /* CustomMainCell.swift in Sources */,
				9F7BD3AA1AAB119600DF71D9 /* LogIn.swift in Sources */,
				9F99ACCF1AABB46B0039DBDA /* MyMenuTableViewController.swift in Sources */,
				9F4556011AABE91F0016422F /* EstacionarmeController.swift in Sources */,
				9F4556071AABED7D0016422F /* ECell.swift in Sources */,
				9F7BD3D01AAB5BD300DF71D9 /* Ranking.swift in Sources */,
				9F7BD3CA1AAB1ED100DF71D9 /* MapsController.swift in Sources */,
				9F7BD3D21AAB5EB100DF71D9 /* RankingCell.swift in Sources */,
				9F99ACD11AABB4830039DBDA /* MainCell.swift in Sources */,
			);
			runOnlyForDeploymentPostprocessing = 0;
		};
		9F5651F71AAAF5F80030886B /* Sources */ = {
			isa = PBXSourcesBuildPhase;
			buildActionMask = 2147483647;
			files = (
				9F5652021AAAF5F80030886B /* EstacionateTests.swift in Sources */,
			);
			runOnlyForDeploymentPostprocessing = 0;
		};
/* End PBXSourcesBuildPhase section */

/* Begin PBXTargetDependency section */
		9F5651FD1AAAF5F80030886B /* PBXTargetDependency */ = {
			isa = PBXTargetDependency;
			target = 9F5651E51AAAF5F80030886B /* Estacionate */;
			targetProxy = 9F5651FC1AAAF5F80030886B /* PBXContainerItemProxy */;
		};
/* End PBXTargetDependency section */

/* Begin PBXVariantGroup section */
		9F5651EF1AAAF5F80030886B /* Main.storyboard */ = {
			isa = PBXVariantGroup;
			children = (
				9F5651F01AAAF5F80030886B /* Base */,
			);
			name = Main.storyboard;
			sourceTree = "<group>";
		};
		9F5651F41AAAF5F80030886B /* LaunchScreen.xib */ = {
			isa = PBXVariantGroup;
			children = (
				9F5651F51AAAF5F80030886B /* Base */,
			);
			name = LaunchScreen.xib;
			sourceTree = "<group>";
		};
/* End PBXVariantGroup section */

/* Begin XCBuildConfiguration section */
		9F5652031AAAF5F80030886B /* Debug */ = {
			isa = XCBuildConfiguration;
			buildSettings = {
				ALWAYS_SEARCH_USER_PATHS = NO;
				CLANG_CXX_LANGUAGE_STANDARD = "gnu++0x";
				CLANG_CXX_LIBRARY = "libc++";
				CLANG_ENABLE_MODULES = YES;
				CLANG_ENABLE_OBJC_ARC = YES;
				CLANG_WARN_BOOL_CONVERSION = YES;
				CLANG_WARN_CONSTANT_CONVERSION = YES;
				CLANG_WARN_DIRECT_OBJC_ISA_USAGE = YES_ERROR;
				CLANG_WARN_EMPTY_BODY = YES;
				CLANG_WARN_ENUM_CONVERSION = YES;
				CLANG_WARN_INT_CONVERSION = YES;
				CLANG_WARN_OBJC_ROOT_CLASS = YES_ERROR;
				CLANG_WARN_UNREACHABLE_CODE = YES;
				CLANG_WARN__DUPLICATE_METHOD_MATCH = YES;
				"CODE_SIGN_IDENTITY[sdk=iphoneos*]" = "iPhone Developer";
				COPY_PHASE_STRIP = NO;
				ENABLE_STRICT_OBJC_MSGSEND = YES;
				GCC_C_LANGUAGE_STANDARD = gnu99;
				GCC_DYNAMIC_NO_PIC = NO;
				GCC_OPTIMIZATION_LEVEL = 0;
				GCC_PREPROCESSOR_DEFINITIONS = (
					"DEBUG=1",
					"$(inherited)",
				);
				GCC_SYMBOLS_PRIVATE_EXTERN = NO;
				GCC_WARN_64_TO_32_BIT_CONVERSION = YES;
				GCC_WARN_ABOUT_RETURN_TYPE = YES_ERROR;
				GCC_WARN_UNDECLARED_SELECTOR = YES;
				GCC_WARN_UNINITIALIZED_AUTOS = YES_AGGRESSIVE;
				GCC_WARN_UNUSED_FUNCTION = YES;
				GCC_WARN_UNUSED_VARIABLE = YES;
				IPHONEOS_DEPLOYMENT_TARGET = 8.1;
				MTL_ENABLE_DEBUG_INFO = YES;
				ONLY_ACTIVE_ARCH = YES;
				SDKROOT = iphoneos;
				SWIFT_OPTIMIZATION_LEVEL = "-Onone";
			};
			name = Debug;
		};
		9F5652041AAAF5F80030886B /* Release */ = {
			isa = XCBuildConfiguration;
			buildSettings = {
				ALWAYS_SEARCH_USER_PATHS = NO;
				CLANG_CXX_LANGUAGE_STANDARD = "gnu++0x";
				CLANG_CXX_LIBRARY = "libc++";
				CLANG_ENABLE_MODULES = YES;
				CLANG_ENABLE_OBJC_ARC = YES;
				CLANG_WARN_BOOL_CONVERSION = YES;
				CLANG_WARN_CONSTANT_CONVERSION = YES;
				CLANG_WARN_DIRECT_OBJC_ISA_USAGE = YES_ERROR;
				CLANG_WARN_EMPTY_BODY = YES;
				CLANG_WARN_ENUM_CONVERSION = YES;
				CLANG_WARN_INT_CONVERSION = YES;
				CLANG_WARN_OBJC_ROOT_CLASS = YES_ERROR;
				CLANG_WARN_UNREACHABLE_CODE = YES;
				CLANG_WARN__DUPLICATE_METHOD_MATCH = YES;
				"CODE_SIGN_IDENTITY[sdk=iphoneos*]" = "iPhone Developer";
				COPY_PHASE_STRIP = YES;
				ENABLE_NS_ASSERTIONS = NO;
				ENABLE_STRICT_OBJC_MSGSEND = YES;
				GCC_C_LANGUAGE_STANDARD = gnu99;
				GCC_WARN_64_TO_32_BIT_CONVERSION = YES;
				GCC_WARN_ABOUT_RETURN_TYPE = YES_ERROR;
				GCC_WARN_UNDECLARED_SELECTOR = YES;
				GCC_WARN_UNINITIALIZED_AUTOS = YES_AGGRESSIVE;
				GCC_WARN_UNUSED_FUNCTION = YES;
				GCC_WARN_UNUSED_VARIABLE = YES;
				IPHONEOS_DEPLOYMENT_TARGET = 8.1;
				MTL_ENABLE_DEBUG_INFO = NO;
				SDKROOT = iphoneos;
				VALIDATE_PRODUCT = YES;
			};
			name = Release;
		};
		9F5652061AAAF5F80030886B /* Debug */ = {
			isa = XCBuildConfiguration;
			buildSettings = {
				ASSETCATALOG_COMPILER_APPICON_NAME = AppIcon;
				FRAMEWORK_SEARCH_PATHS = (
					"$(inherited)",
					/Users/JonathanVelazquez/Documents/FacebookSDK,
					"/Users/JonathanVelazquez/Documents/GoogleMaps-iOS-1.9.2",
				);
				INFOPLIST_FILE = Estacionate/Info.plist;
				LD_RUNPATH_SEARCH_PATHS = "$(inherited) @executable_path/Frameworks";
				OTHER_LDFLAGS = "-ObjC";
				PRODUCT_NAME = "$(TARGET_NAME)";
				SWIFT_OBJC_BRIDGING_HEADER = Estacionate/Bridge.h;
			};
			name = Debug;
		};
		9F5652071AAAF5F80030886B /* Release */ = {
			isa = XCBuildConfiguration;
			buildSettings = {
				ASSETCATALOG_COMPILER_APPICON_NAME = AppIcon;
				FRAMEWORK_SEARCH_PATHS = (
					"$(inherited)",
					/Users/JonathanVelazquez/Documents/FacebookSDK,
					"/Users/JonathanVelazquez/Documents/GoogleMaps-iOS-1.9.2",
				);
				INFOPLIST_FILE = Estacionate/Info.plist;
				LD_RUNPATH_SEARCH_PATHS = "$(inherited) @executable_path/Frameworks";
				OTHER_LDFLAGS = "-ObjC";
				PRODUCT_NAME = "$(TARGET_NAME)";
				SWIFT_OBJC_BRIDGING_HEADER = Estacionate/Bridge.h;
			};
			name = Release;
		};
		9F5652091AAAF5F80030886B /* Debug */ = {
			isa = XCBuildConfiguration;
			buildSettings = {
				BUNDLE_LOADER = "$(TEST_HOST)";
				FRAMEWORK_SEARCH_PATHS = (
					"$(SDKROOT)/Developer/Library/Frameworks",
					"$(inherited)",
				);
				GCC_PREPROCESSOR_DEFINITIONS = (
					"DEBUG=1",
					"$(inherited)",
				);
				INFOPLIST_FILE = EstacionateTests/Info.plist;
				LD_RUNPATH_SEARCH_PATHS = "$(inherited) @executable_path/Frameworks @loader_path/Frameworks";
				PRODUCT_NAME = "$(TARGET_NAME)";
				TEST_HOST = "$(BUILT_PRODUCTS_DIR)/Estacionate.app/Estacionate";
			};
			name = Debug;
		};
		9F56520A1AAAF5F80030886B /* Release */ = {
			isa = XCBuildConfiguration;
			buildSettings = {
				BUNDLE_LOADER = "$(TEST_HOST)";
				FRAMEWORK_SEARCH_PATHS = (
					"$(SDKROOT)/Developer/Library/Frameworks",
					"$(inherited)",
				);
				INFOPLIST_FILE = EstacionateTests/Info.plist;
				LD_RUNPATH_SEARCH_PATHS = "$(inherited) @executable_path/Frameworks @loader_path/Frameworks";
				PRODUCT_NAME = "$(TARGET_NAME)";
				TEST_HOST = "$(BUILT_PRODUCTS_DIR)/Estacionate.app/Estacionate";
			};
			name = Release;
		};
/* End XCBuildConfiguration section */

/* Begin XCConfigurationList section */
		9F5651E11AAAF5F80030886B /* Build configuration list for PBXProject "Estacionate" */ = {
			isa = XCConfigurationList;
			buildConfigurations = (
				9F5652031AAAF5F80030886B /* Debug */,
				9F5652041AAAF5F80030886B /* Release */,
			);
			defaultConfigurationIsVisible = 0;
			defaultConfigurationName = Release;
		};
		9F5652051AAAF5F80030886B /* Build configuration list for PBXNativeTarget "Estacionate" */ = {
			isa = XCConfigurationList;
			buildConfigurations = (
				9F5652061AAAF5F80030886B /* Debug */,
				9F5652071AAAF5F80030886B /* Release */,
			);
			defaultConfigurationIsVisible = 0;
			defaultConfigurationName = Release;
		};
		9F5652081AAAF5F80030886B /* Build configuration list for PBXNativeTarget "EstacionateTests" */ = {
			isa = XCConfigurationList;
			buildConfigurations = (
				9F5652091AAAF5F80030886B /* Debug */,
				9F56520A1AAAF5F80030886B /* Release */,
			);
			defaultConfigurationIsVisible = 0;
			defaultConfigurationName = Release;
		};
/* End XCConfigurationList section */
	};
	rootObject = 9F5651DE1AAAF5F80030886B /* Project object */;
}
